
Microsoft Visual Studio Solution File, Format Version 12.00
# Visual Studio Version 17
VisualStudioVersion = 17.3.32811.315
MinimumVisualStudioVersion = 10.0.40219.1
Project("{FAE04EC0-301F-11D3-BF4B-00C04F79EFBC}") = "interface_01_12_2022", "WinFormsApp1\interface_01_12_2022.csproj", "{0BF8B604-AFCA-4AD3-A72E-F704CBCDEB87}"
EndProject
Global
	GlobalSection(SolutionConfigurationPlatforms) = preSolution
		Debug|Any CPU = Debug|Any CPU
		Release|Any CPU = Release|Any CPU
	EndGlobalSection
	GlobalSection(ProjectConfigurationPlatforms) = postSolution
		{0BF8B604-AFCA-4AD3-A72E-F704CBCDEB87}.Debug|Any CPU.ActiveCfg = Debug|Any CPU
		{0BF8B604-AFCA-4AD3-A72E-F704CBCDEB87}.Debug|Any CPU.Build.0 = Debug|Any CPU
		{0BF8B604-AFCA-4AD3-A72E-F704CBCDEB87}.Release|Any CPU.ActiveCfg = Release|Any CPU
		{0BF8B604-AFCA-4AD3-A72E-F704CBCDEB87}.Release|Any CPU.Build.0 = Release|Any CPU
	EndGlobalSection
	GlobalSection(SolutionProperties) = preSolution
		HideSolutionNode = FALSE
	EndGlobalSection
	GlobalSection(ExtensibilityGlobals) = postSolution
		SolutionGuid = {4DFD941E-6F07-4A9D-AD46-1F052D4A075B}
	EndGlobalSection
EndGlobal
